// !$*UTF8*$!
{
	archiveVersion = 1;
	classes = {
	};
	objectVersion = 51;
	objects = {

/* Begin PBXBuildFile section */
		3B097512259709DE00A98F4A /* AppDelegate.swift in Sources */ = {isa = PBXBuildFile; fileRef = 3B097511259709DE00A98F4A /* AppDelegate.swift */; };
		3B097514259709DE00A98F4A /* SceneDelegate.swift in Sources */ = {isa = PBXBuildFile; fileRef = 3B097513259709DE00A98F4A /* SceneDelegate.swift */; };
		3B097516259709DE00A98F4A /* ViewController.swift in Sources */ = {isa = PBXBuildFile; fileRef = 3B097515259709DE00A98F4A /* ViewController.swift */; };
		3B097519259709DE00A98F4A /* Main.storyboard in Resources */ = {isa = PBXBuildFile; fileRef = 3B097517259709DE00A98F4A /* Main.storyboard */; };
		3B09751B259709E000A98F4A /* Assets.xcassets in Resources */ = {isa = PBXBuildFile; fileRef = 3B09751A259709E000A98F4A /* Assets.xcassets */; };
		3B09751E259709E000A98F4A /* LaunchScreen.storyboard in Resources */ = {isa = PBXBuildFile; fileRef = 3B09751C259709E000A98F4A /* LaunchScreen.storyboard */; };
		3B09752725970A2400A98F4A /* GoogleService-Info.plist in Resources */ = {isa = PBXBuildFile; fileRef = 3B09752625970A2400A98F4A /* GoogleService-Info.plist */; };
		3B09754025971BA800A98F4A /* Page2ViewController.swift in Sources */ = {isa = PBXBuildFile; fileRef = 3B09753F25971BA800A98F4A /* Page2ViewController.swift */; };
		3B0975432597260D00A98F4A /* SubjectTableViewCell.swift in Sources */ = {isa = PBXBuildFile; fileRef = 3B0975422597260D00A98F4A /* SubjectTableViewCell.swift */; };
		3B097546259732ED00A98F4A /* Page3ViewController.swift in Sources */ = {isa = PBXBuildFile; fileRef = 3B097545259732ED00A98F4A /* Page3ViewController.swift */; };
		3B0975492597331B00A98F4A /* ContentTableViewCell.swift in Sources */ = {isa = PBXBuildFile; fileRef = 3B0975482597331B00A98F4A /* ContentTableViewCell.swift */; };
		3B6CDF8625A9562000EF83A3 /* DCTableViewCell.swift in Sources */ = {isa = PBXBuildFile; fileRef = 3B6CDF8525A9562000EF83A3 /* DCTableViewCell.swift */; };
		D9FD9007C8FE14C55A125879 /* Pods_a211RTD.framework in Frameworks */ = {isa = PBXBuildFile; fileRef = 6523ACBB2E4EE4482E59F81E /* Pods_a211RTD.framework */; };
/* End PBXBuildFile section */

/* Begin PBXFileReference section */
		11593829BE20BBBE85D99811 /* Pods-a211RTD.release.xcconfig */ = {isa = PBXFileReference; includeInIndex = 1; lastKnownFileType = text.xcconfig; name = "Pods-a211RTD.release.xcconfig"; path = "Target Support Files/Pods-a211RTD/Pods-a211RTD.release.xcconfig"; sourceTree = "<group>"; };
		3B09750E259709DE00A98F4A /* a211RTD.app */ = {isa = PBXFileReference; explicitFileType = wrapper.application; includeInIndex = 0; path = a211RTD.app; sourceTree = BUILT_PRODUCTS_DIR; };
		3B097511259709DE00A98F4A /* AppDelegate.swift */ = {isa = PBXFileReference; lastKnownFileType = sourcecode.swift; path = AppDelegate.swift; sourceTree = "<group>"; };
		3B097513259709DE00A98F4A /* SceneDelegate.swift */ = {isa = PBXFileReference; lastKnownFileType = sourcecode.swift; path = SceneDelegate.swift; sourceTree = "<group>"; };
		3B097515259709DE00A98F4A /* ViewController.swift */ = {isa = PBXFileReference; lastKnownFileType = sourcecode.swift; path = ViewController.swift; sourceTree = "<group>"; };
		3B097518259709DE00A98F4A /* Base */ = {isa = PBXFileReference; lastKnownFileType = file.storyboard; name = Base; path = Base.lproj/Main.storyboard; sourceTree = "<group>"; };
		3B09751A259709E000A98F4A /* Assets.xcassets */ = {isa = PBXFileReference; lastKnownFileType = folder.assetcatalog; path = Assets.xcassets; sourceTree = "<group>"; };
		3B09751D259709E000A98F4A /* Base */ = {isa = PBXFileReference; lastKnownFileType = file.storyboard; name = Base; path = Base.lproj/LaunchScreen.storyboard; sourceTree = "<group>"; };
		3B09751F259709E000A98F4A /* Info.plist */ = {isa = PBXFileReference; lastKnownFileType = text.plist.xml; path = Info.plist; sourceTree = "<group>"; };
		3B09752625970A2400A98F4A /* GoogleService-Info.plist */ = {isa = PBXFileReference; fileEncoding = 4; lastKnownFileType = text.plist.xml; path = "GoogleService-Info.plist"; sourceTree = "<group>"; };
		3B09753F25971BA800A98F4A /* Page2ViewController.swift */ = {isa = PBXFileReference; lastKnownFileType = sourcecode.swift; path = Page2ViewController.swift; sourceTree = "<group>"; };
		3B0975422597260D00A98F4A /* SubjectTableViewCell.swift */ = {isa = PBXFileReference; lastKnownFileType = sourcecode.swift; path = SubjectTableViewCell.swift; sourceTree = "<group>"; };
		3B097545259732ED00A98F4A /* Page3ViewController.swift */ = {isa = PBXFileReference; lastKnownFileType = sourcecode.swift; path = Page3ViewController.swift; sourceTree = "<group>"; };
		3B0975482597331B00A98F4A /* ContentTableViewCell.swift */ = {isa = PBXFileReference; lastKnownFileType = sourcecode.swift; path = ContentTableViewCell.swift; sourceTree = "<group>"; };
		3B6CDF8525A9562000EF83A3 /* DCTableViewCell.swift */ = {isa = PBXFileReference; lastKnownFileType = sourcecode.swift; path = DCTableViewCell.swift; sourceTree = "<group>"; };
		6523ACBB2E4EE4482E59F81E /* Pods_a211RTD.framework */ = {isa = PBXFileReference; explicitFileType = wrapper.framework; includeInIndex = 0; path = Pods_a211RTD.framework; sourceTree = BUILT_PRODUCTS_DIR; };
		67F13E38C08CDDB51AF803E7 /* Pods-a211RTD.debug.xcconfig */ = {isa = PBXFileReference; includeInIndex = 1; lastKnownFileType = text.xcconfig; name = "Pods-a211RTD.debug.xcconfig"; path = "Target Support Files/Pods-a211RTD/Pods-a211RTD.debug.xcconfig"; sourceTree = "<group>"; };
/* End PBXFileReference section */

/* Begin PBXFrameworksBuildPhase section */
		3B09750B259709DE00A98F4A /* Frameworks */ = {
			isa = PBXFrameworksBuildPhase;
			buildActionMask = 2147483647;
			files = (
				D9FD9007C8FE14C55A125879 /* Pods_a211RTD.framework in Frameworks */,
			);
			runOnlyForDeploymentPostprocessing = 0;
		};
/* End PBXFrameworksBuildPhase section */

/* Begin PBXGroup section */
		3B097505259709DE00A98F4A = {
			isa = PBXGroup;
			children = (
				3B097510259709DE00A98F4A /* a211RTD */,
				3B09750F259709DE00A98F4A /* Products */,
				53F4D6EEDAB4A80864AEA742 /* Pods */,
				FB59C79B6696A24D95759A9C /* Frameworks */,
			);
			sourceTree = "<group>";
		};
		3B09750F259709DE00A98F4A /* Products */ = {
			isa = PBXGroup;
			children = (
				3B09750E259709DE00A98F4A /* a211RTD.app */,
			);
			name = Products;
			sourceTree = "<group>";
		};
		3B097510259709DE00A98F4A /* a211RTD */ = {
			isa = PBXGroup;
			children = (
				3B09752625970A2400A98F4A /* GoogleService-Info.plist */,
				3B097511259709DE00A98F4A /* AppDelegate.swift */,
				3B097513259709DE00A98F4A /* SceneDelegate.swift */,
				3B097515259709DE00A98F4A /* ViewController.swift */,
				3B097517259709DE00A98F4A /* Main.storyboard */,
				3B09751A259709E000A98F4A /* Assets.xcassets */,
				3B09751C259709E000A98F4A /* LaunchScreen.storyboard */,
				3B09751F259709E000A98F4A /* Info.plist */,
				3B09753F25971BA800A98F4A /* Page2ViewController.swift */,
				3B0975422597260D00A98F4A /* SubjectTableViewCell.swift */,
				3B097545259732ED00A98F4A /* Page3ViewController.swift */,
				3B0975482597331B00A98F4A /* ContentTableViewCell.swift */,
				3B6CDF8525A9562000EF83A3 /* DCTableViewCell.swift */,
			);
			path = a211RTD;
			sourceTree = "<group>";
		};
		53F4D6EEDAB4A80864AEA742 /* Pods */ = {
			isa = PBXGroup;
			children = (
				67F13E38C08CDDB51AF803E7 /* Pods-a211RTD.debug.xcconfig */,
				11593829BE20BBBE85D99811 /* Pods-a211RTD.release.xcconfig */,
			);
			path = Pods;
			sourceTree = "<group>";
		};
		FB59C79B6696A24D95759A9C /* Frameworks */ = {
			isa = PBXGroup;
			children = (
				6523ACBB2E4EE4482E59F81E /* Pods_a211RTD.framework */,
			);
			name = Frameworks;
			sourceTree = "<group>";
		};
/* End PBXGroup section */

/* Begin PBXNativeTarget section */
		3B09750D259709DE00A98F4A /* a211RTD */ = {
			isa = PBXNativeTarget;
			buildConfigurationList = 3B097522259709E000A98F4A /* Build configuration list for PBXNativeTarget "a211RTD" */;
			buildPhases = (
				63FA90561AA978EEA118A053 /* [CP] Check Pods Manifest.lock */,
				3B09750A259709DE00A98F4A /* Sources */,
				3B09750B259709DE00A98F4A /* Frameworks */,
				3B09750C259709DE00A98F4A /* Resources */,
				C3D9CF98AF226B40CE9197DA /* [CP] Embed Pods Frameworks */,
			);
			buildRules = (
			);
			dependencies = (
			);
			name = a211RTD;
			productName = a211RTD;
			productReference = 3B09750E259709DE00A98F4A /* a211RTD.app */;
			productType = "com.apple.product-type.application";
		};
/* End PBXNativeTarget section */

/* Begin PBXProject section */
		3B097506259709DE00A98F4A /* Project object */ = {
			isa = PBXProject;
			attributes = {
				LastSwiftUpdateCheck = 1230;
				LastUpgradeCheck = 1230;
				TargetAttributes = {
					3B09750D259709DE00A98F4A = {
						CreatedOnToolsVersion = 12.3;
					};
				};
			};
			buildConfigurationList = 3B097509259709DE00A98F4A /* Build configuration list for PBXProject "a211RTD" */;
			compatibilityVersion = "Xcode 9.3";
			developmentRegion = en;
			hasScannedForEncodings = 0;
			knownRegions = (
				en,
				Base,
			);
			mainGroup = 3B097505259709DE00A98F4A;
			productRefGroup = 3B09750F259709DE00A98F4A /* Products */;
			projectDirPath = "";
			projectRoot = "";
			targets = (
				3B09750D259709DE00A98F4A /* a211RTD */,
			);
		};
/* End PBXProject section */

/* Begin PBXResourcesBuildPhase section */
		3B09750C259709DE00A98F4A /* Resources */ = {
			isa = PBXResourcesBuildPhase;
			buildActionMask = 2147483647;
			files = (
				3B09751E259709E000A98F4A /* LaunchScreen.storyboard in Resources */,
				3B09752725970A2400A98F4A /* GoogleService-Info.plist in Resources */,
				3B09751B259709E000A98F4A /* Assets.xcassets in Resources */,
				3B097519259709DE00A98F4A /* Main.storyboard in Resources */,
			);
			runOnlyForDeploymentPostprocessing = 0;
		};
/* End PBXResourcesBuildPhase section */

/* Begin PBXShellScriptBuildPhase section */
		63FA90561AA978EEA118A053 /* [CP] Check Pods Manifest.lock */ = {
			isa = PBXShellScriptBuildPhase;
			buildActionMask = 2147483647;
			files = (
			);
			inputFileListPaths = (
			);
			inputPaths = (
				"${PODS_PODFILE_DIR_PATH}/Podfile.lock",
				"${PODS_ROOT}/Manifest.lock",
			);
			name = "[CP] Check Pods Manifest.lock";
			outputFileListPaths = (
			);
			outputPaths = (
				"$(DERIVED_FILE_DIR)/Pods-a211RTD-checkManifestLockResult.txt",
			);
			runOnlyForDeploymentPostprocessing = 0;
			shellPath = /bin/sh;
			shellScript = "diff \"${PODS_PODFILE_DIR_PATH}/Podfile.lock\" \"${PODS_ROOT}/Manifest.lock\" > /dev/null\nif [ $? != 0 ] ; then\n    # print error to STDERR\n    echo \"error: The sandbox is not in sync with the Podfile.lock. Run 'pod install' or update your CocoaPods installation.\" >&2\n    exit 1\nfi\n# This output is used by Xcode 'outputs' to avoid re-running this script phase.\necho \"SUCCESS\" > \"${SCRIPT_OUTPUT_FILE_0}\"\n";
			showEnvVarsInLog = 0;
		};
		C3D9CF98AF226B40CE9197DA /* [CP] Embed Pods Frameworks */ = {
			isa = PBXShellScriptBuildPhase;
			buildActionMask = 2147483647;
			files = (
			);
			inputFileListPaths = (
				"${PODS_ROOT}/Target Support Files/Pods-a211RTD/Pods-a211RTD-frameworks-${CONFIGURATION}-input-files.xcfilelist",
			);
			name = "[CP] Embed Pods Frameworks";
			outputFileListPaths = (
				"${PODS_ROOT}/Target Support Files/Pods-a211RTD/Pods-a211RTD-frameworks-${CONFIGURATION}-output-files.xcfilelist",
			);
			runOnlyForDeploymentPostprocessing = 0;
			shellPath = /bin/sh;
			shellScript = "\"${PODS_ROOT}/Target Support Files/Pods-a211RTD/Pods-a211RTD-frameworks.sh\"\n";
			showEnvVarsInLog = 0;
		};
/* End PBXShellScriptBuildPhase section */

/* Begin PBXSourcesBuildPhase section */
		3B09750A259709DE00A98F4A /* Sources */ = {
			isa = PBXSourcesBuildPhase;
			buildActionMask = 2147483647;
			files = (
				3B0975432597260D00A98F4A /* SubjectTableViewCell.swift in Sources */,
				3B097546259732ED00A98F4A /* Page3ViewController.swift in Sources */,
				3B6CDF8625A9562000EF83A3 /* DCTableViewCell.swift in Sources */,
				3B097516259709DE00A98F4A /* ViewController.swift in Sources */,
				3B097512259709DE00A98F4A /* AppDelegate.swift in Sources */,
				3B0975492597331B00A98F4A /* ContentTableViewCell.swift in Sources */,
				3B09754025971BA800A98F4A /* Page2ViewController.swift in Sources */,
				3B097514259709DE00A98F4A /* SceneDelegate.swift in Sources */,
			);
			runOnlyForDeploymentPostprocessing = 0;
		};
/* End PBXSourcesBuildPhase section */

/* Begin PBXVariantGroup section */
		3B097517259709DE00A98F4A /* Main.storyboard */ = {
			isa = PBXVariantGroup;
			children = (
				3B097518259709DE00A98F4A /* Base */,
			);
			name = Main.storyboard;
			sourceTree = "<group>";
		};
		3B09751C259709E000A98F4A /* LaunchScreen.storyboard */ = {
			isa = PBXVariantGroup;
			children = (
				3B09751D259709E000A98F4A /* Base */,
			);
			name = LaunchScreen.storyboard;
			sourceTree = "<group>";
		};
/* End PBXVariantGroup section */

/* Begin XCBuildConfiguration section */
		3B097520259709E000A98F4A /* Debug */ = {
			isa = XCBuildConfiguration;
			buildSettings = {
				ALWAYS_SEARCH_USER_PATHS = NO;
				CLANG_ANALYZER_NONNULL = YES;
				CLANG_ANALYZER_NUMBER_OBJECT_CONVERSION = YES_AGGRESSIVE;
				CLANG_CXX_LANGUAGE_STANDARD = "gnu++14";
				CLANG_CXX_LIBRARY = "libc++";
				CLANG_ENABLE_MODULES = YES;
				CLANG_ENABLE_OBJC_ARC = YES;
				CLANG_ENABLE_OBJC_WEAK = YES;
				CLANG_WARN_BLOCK_CAPTURE_AUTORELEASING = YES;
				CLANG_WARN_BOOL_CONVERSION = YES;
				CLANG_WARN_COMMA = YES;
				CLANG_WARN_CONSTANT_CONVERSION = YES;
				CLANG_WARN_DEPRECATED_OBJC_IMPLEMENTATIONS = YES;
				CLANG_WARN_DIRECT_OBJC_ISA_USAGE = YES_ERROR;
				CLANG_WARN_DOCUMENTATION_COMMENTS = YES;
				CLANG_WARN_EMPTY_BODY = YES;
				CLANG_WARN_ENUM_CONVERSION = YES;
				CLANG_WARN_INFINITE_RECURSION = YES;
				CLANG_WARN_INT_CONVERSION = YES;
				CLANG_WARN_NON_LITERAL_NULL_CONVERSION = YES;
				CLANG_WARN_OBJC_IMPLICIT_RETAIN_SELF = YES;
				CLANG_WARN_OBJC_LITERAL_CONVERSION = YES;
				CLANG_WARN_OBJC_ROOT_CLASS = YES_ERROR;
				CLANG_WARN_QUOTED_INCLUDE_IN_FRAMEWORK_HEADER = YES;
				CLANG_WARN_RANGE_LOOP_ANALYSIS = YES;
				CLANG_WARN_STRICT_PROTOTYPES = YES;
				CLANG_WARN_SUSPICIOUS_MOVE = YES;
				CLANG_WARN_UNGUARDED_AVAILABILITY = YES_AGGRESSIVE;
				CLANG_WARN_UNREACHABLE_CODE = YES;
				CLANG_WARN__DUPLICATE_METHOD_MATCH = YES;
				COPY_PHASE_STRIP = NO;
				DEBUG_INFORMATION_FORMAT = dwarf;
				ENABLE_STRICT_OBJC_MSGSEND = YES;
				ENABLE_TESTABILITY = YES;
				GCC_C_LANGUAGE_STANDARD = gnu11;
				GCC_DYNAMIC_NO_PIC = NO;
				GCC_NO_COMMON_BLOCKS = YES;
				GCC_OPTIMIZATION_LEVEL = 0;
				GCC_PREPROCESSOR_DEFINITIONS = (
					"DEBUG=1",
					"$(inherited)",
				);
				GCC_WARN_64_TO_32_BIT_CONVERSION = YES;
				GCC_WARN_ABOUT_RETURN_TYPE = YES_ERROR;
				GCC_WARN_UNDECLARED_SELECTOR = YES;
				GCC_WARN_UNINITIALIZED_AUTOS = YES_AGGRESSIVE;
				GCC_WARN_UNUSED_FUNCTION = YES;
				GCC_WARN_UNUSED_VARIABLE = YES;
				IPHONEOS_DEPLOYMENT_TARGET = 14.3;
				MTL_ENABLE_DEBUG_INFO = INCLUDE_SOURCE;
				MTL_FAST_MATH = YES;
				ONLY_ACTIVE_ARCH = YES;
				SDKROOT = iphoneos;
				SWIFT_ACTIVE_COMPILATION_CONDITIONS = DEBUG;
				SWIFT_OPTIMIZATION_LEVEL = "-Onone";
			};
			name = Debug;
		};
		3B097521259709E000A98F4A /* Release */ = {
			isa = XCBuildConfiguration;
			buildSettings = {
				ALWAYS_SEARCH_USER_PATHS = NO;
				CLANG_ANALYZER_NONNULL = YES;
				CLANG_ANALYZER_NUMBER_OBJECT_CONVERSION = YES_AGGRESSIVE;
				CLANG_CXX_LANGUAGE_STANDARD = "gnu++14";
				CLANG_CXX_LIBRARY = "libc++";
				CLANG_ENABLE_MODULES = YES;
				CLANG_ENABLE_OBJC_ARC = YES;
				CLANG_ENABLE_OBJC_WEAK = YES;
				CLANG_WARN_BLOCK_CAPTURE_AUTORELEASING = YES;
				CLANG_WARN_BOOL_CONVERSION = YES;
				CLANG_WARN_COMMA = YES;
				CLANG_WARN_CONSTANT_CONVERSION = YES;
				CLANG_WARN_DEPRECATED_OBJC_IMPLEMENTATIONS = YES;
				CLANG_WARN_DIRECT_OBJC_ISA_USAGE = YES_ERROR;
				CLANG_WARN_DOCUMENTATION_COMMENTS = YES;
				CLANG_WARN_EMPTY_BODY = YES;
				CLANG_WARN_ENUM_CONVERSION = YES;
				CLANG_WARN_INFINITE_RECURSION = YES;
				CLANG_WARN_INT_CONVERSION = YES;
				CLANG_WARN_NON_LITERAL_NULL_CONVERSION = YES;
				CLANG_WARN_OBJC_IMPLICIT_RETAIN_SELF = YES;
				CLANG_WARN_OBJC_LITERAL_CONVERSION = YES;
				CLANG_WARN_OBJC_ROOT_CLASS = YES_ERROR;
				CLANG_WARN_QUOTED_INCLUDE_IN_FRAMEWORK_HEADER = YES;
				CLANG_WARN_RANGE_LOOP_ANALYSIS = YES;
				CLANG_WARN_STRICT_PROTOTYPES = YES;
				CLANG_WARN_SUSPICIOUS_MOVE = YES;
				CLANG_WARN_UNGUARDED_AVAILABILITY = YES_AGGRESSIVE;
				CLANG_WARN_UNREACHABLE_CODE = YES;
				CLANG_WARN__DUPLICATE_METHOD_MATCH = YES;
				COPY_PHASE_STRIP = NO;
				DEBUG_INFORMATION_FORMAT = "dwarf-with-dsym";
				ENABLE_NS_ASSERTIONS = NO;
				ENABLE_STRICT_OBJC_MSGSEND = YES;
				GCC_C_LANGUAGE_STANDARD = gnu11;
				GCC_NO_COMMON_BLOCKS = YES;
				GCC_WARN_64_TO_32_BIT_CONVERSION = YES;
				GCC_WARN_ABOUT_RETURN_TYPE = YES_ERROR;
				GCC_WARN_UNDECLARED_SELECTOR = YES;
				GCC_WARN_UNINITIALIZED_AUTOS = YES_AGGRESSIVE;
				GCC_WARN_UNUSED_FUNCTION = YES;
				GCC_WARN_UNUSED_VARIABLE = YES;
				IPHONEOS_DEPLOYMENT_TARGET = 14.3;
				MTL_ENABLE_DEBUG_INFO = NO;
				MTL_FAST_MATH = YES;
				SDKROOT = iphoneos;
				SWIFT_COMPILATION_MODE = wholemodule;
				SWIFT_OPTIMIZATION_LEVEL = "-O";
				VALIDATE_PRODUCT = YES;
			};
			name = Release;
		};
		3B097523259709E000A98F4A /* Debug */ = {
			isa = XCBuildConfiguration;
			baseConfigurationReference = 67F13E38C08CDDB51AF803E7 /* Pods-a211RTD.debug.xcconfig */;
			buildSettings = {
				ASSETCATALOG_COMPILER_APPICON_NAME = AppIcon;
				ASSETCATALOG_COMPILER_GLOBAL_ACCENT_COLOR_NAME = AccentColor;
				CODE_SIGN_STYLE = Automatic;
				DEVELOPMENT_TEAM = XSVW22JPST;
				INFOPLIST_FILE = a211RTD/Info.plist;
				LD_RUNPATH_SEARCH_PATHS = (
					"$(inherited)",
					"@executable_path/Frameworks",
				);
				PRODUCT_BUNDLE_IDENTIFIER = idv.sjw.a211RTD;
				PRODUCT_NAME = "$(TARGET_NAME)";
				SWIFT_VERSION = 5.0;
				TARGETED_DEVICE_FAMILY = "1,2";
			};
			name = Debug;
		};
		3B097524259709E000A98F4A /* Release */ = {
			isa = XCBuildConfiguration;
			baseConfigurationReference = 11593829BE20BBBE85D99811 /* Pods-a211RTD.release.xcconfig */;
			buildSettings = {
				ASSETCATALOG_COMPILER_APPICON_NAME = AppIcon;
				ASSETCATALOG_COMPILER_GLOBAL_ACCENT_COLOR_NAME = AccentColor;
				CODE_SIGN_STYLE = Automatic;
				DEVELOPMENT_TEAM = XSVW22JPST;
				INFOPLIST_FILE = a211RTD/Info.plist;
				LD_RUNPATH_SEARCH_PATHS = (
					"$(inherited)",
					"@executable_path/Frameworks",
				);
				PRODUCT_BUNDLE_IDENTIFIER = idv.sjw.a211RTD;
				PRODUCT_NAME = "$(TARGET_NAME)";
				SWIFT_VERSION = 5.0;
				TARGETED_DEVICE_FAMILY = "1,2";
			};
			name = Release;
		};
/* End XCBuildConfiguration section */

/* Begin XCConfigurationList section */
		3B097509259709DE00A98F4A /* Build configuration list for PBXProject "a211RTD" */ = {
			isa = XCConfigurationList;
			buildConfigurations = (
				3B097520259709E000A98F4A /* Debug */,
				3B097521259709E000A98F4A /* Release */,
			);
			defaultConfigurationIsVisible = 0;
			defaultConfigurationName = Release;
		};
		3B097522259709E000A98F4A /* Build configuration list for PBXNativeTarget "a211RTD" */ = {
			isa = XCConfigurationList;
			buildConfigurations = (
				3B097523259709E000A98F4A /* Debug */,
				3B097524259709E000A98F4A /* Release */,
			);
			defaultConfigurationIsVisible = 0;
			defaultConfigurationName = Release;
		};
/* End XCConfigurationList section */
	};
	rootObject = 3B097506259709DE00A98F4A /* Project object */;
}
